
Microsoft Visual Studio Solution File, Format Version 12.00
# Visual Studio Version 16
VisualStudioVersion = 16.0.30128.74
MinimumVisualStudioVersion = 10.0.40219.1
Project("{FAE04EC0-301F-11D3-BF4B-00C04F79EFBC}") = "Book_Shop", "Book_Shop\Book_Shop.csproj", "{C17BC390-53EF-4F37-A94F-3964852BE7E2}"
EndProject
Project("{FAE04EC0-301F-11D3-BF4B-00C04F79EFBC}") = "Common", "Common\Common.csproj", "{750FE09F-A448-4476-B8EC-378BF242F9E3}"
EndProject
Global
	GlobalSection(SolutionConfigurationPlatforms) = preSolution
		Debug|Any CPU = Debug|Any CPU
		Release|Any CPU = Release|Any CPU
	EndGlobalSection
	GlobalSection(ProjectConfigurationPlatforms) = postSolution
		{C17BC390-53EF-4F37-A94F-3964852BE7E2}.Debug|Any CPU.ActiveCfg = Debug|Any CPU
		{C17BC390-53EF-4F37-A94F-3964852BE7E2}.Debug|Any CPU.Build.0 = Debug|Any CPU
		{C17BC390-53EF-4F37-A94F-3964852BE7E2}.Release|Any CPU.ActiveCfg = Release|Any CPU
		{C17BC390-53EF-4F37-A94F-3964852BE7E2}.Release|Any CPU.Build.0 = Release|Any CPU
		{750FE09F-A448-4476-B8EC-378BF242F9E3}.Debug|Any CPU.ActiveCfg = Debug|Any CPU
		{750FE09F-A448-4476-B8EC-378BF242F9E3}.Debug|Any CPU.Build.0 = Debug|Any CPU
		{750FE09F-A448-4476-B8EC-378BF242F9E3}.Release|Any CPU.ActiveCfg = Release|Any CPU
		{750FE09F-A448-4476-B8EC-378BF242F9E3}.Release|Any CPU.Build.0 = Release|Any CPU
	EndGlobalSection
	GlobalSection(SolutionProperties) = preSolution
		HideSolutionNode = FALSE
	EndGlobalSection
	GlobalSection(ExtensibilityGlobals) = postSolution
		SolutionGuid = {EEFBDEE9-A83D-4076-BCB5-BB195B81F4F3}
	EndGlobalSection
EndGlobal
